
Microsoft Visual Studio Solution File, Format Version 12.00
# Visual Studio Version 16
VisualStudioVersion = 16.0.32602.291
MinimumVisualStudioVersion = 10.0.40219.1
Project("{9A19103F-16F7-4668-BE54-9A1E7A4F7556}") = "01. Number Pyramid", "01. Number Pyramid\01. Number Pyramid.csproj", "{4BDFE7B3-9353-48C4-927B-BB88A3E46309}"
EndProject
Project("{9A19103F-16F7-4668-BE54-9A1E7A4F7556}") = "02. Equal Sums Even Odd Position", "02. Equal Sums Even Odd Position\02. Equal Sums Even Odd Position.csproj", "{1BABFF25-21BF-41A9-8F09-60881BFA7A0F}"
EndProject
Project("{9A19103F-16F7-4668-BE54-9A1E7A4F7556}") = "03. Sum Prime Non Prime", "03. Sum Prime Non Prime\03. Sum Prime Non Prime.csproj", "{2745287C-AEA8-4B97-9DF3-D5BAB3998FFD}"
EndProject
Project("{9A19103F-16F7-4668-BE54-9A1E7A4F7556}") = "04. Train The Trainers", "04. Train The Trainers\04. Train The Trainers.csproj", "{126A6EE6-0212-400E-BADB-76B84E66E7E7}"
EndProject
Project("{FAE04EC0-301F-11D3-BF4B-00C04F79EFBC}") = "05. Special Numbers", "05. Special Numbers\05. Special Numbers.csproj", "{CF5B113F-2232-44BD-8B4F-7741F00ECFB5}"
EndProject
Project("{FAE04EC0-301F-11D3-BF4B-00C04F79EFBC}") = "06. Cinema Tickets", "06. Cinema Tickets\06. Cinema Tickets.csproj", "{03583A30-2C90-4205-9985-CFBC4E932A54}"
EndProject
Global
	GlobalSection(SolutionConfigurationPlatforms) = preSolution
		Debug|Any CPU = Debug|Any CPU
		Release|Any CPU = Release|Any CPU
	EndGlobalSection
	GlobalSection(ProjectConfigurationPlatforms) = postSolution
		{4BDFE7B3-9353-48C4-927B-BB88A3E46309}.Debug|Any CPU.ActiveCfg = Debug|Any CPU
		{4BDFE7B3-9353-48C4-927B-BB88A3E46309}.Debug|Any CPU.Build.0 = Debug|Any CPU
		{4BDFE7B3-9353-48C4-927B-BB88A3E46309}.Release|Any CPU.ActiveCfg = Release|Any CPU
		{4BDFE7B3-9353-48C4-927B-BB88A3E46309}.Release|Any CPU.Build.0 = Release|Any CPU
		{1BABFF25-21BF-41A9-8F09-60881BFA7A0F}.Debug|Any CPU.ActiveCfg = Debug|Any CPU
		{1BABFF25-21BF-41A9-8F09-60881BFA7A0F}.Debug|Any CPU.Build.0 = Debug|Any CPU
		{1BABFF25-21BF-41A9-8F09-60881BFA7A0F}.Release|Any CPU.ActiveCfg = Release|Any CPU
		{1BABFF25-21BF-41A9-8F09-60881BFA7A0F}.Release|Any CPU.Build.0 = Release|Any CPU
		{2745287C-AEA8-4B97-9DF3-D5BAB3998FFD}.Debug|Any CPU.ActiveCfg = Debug|Any CPU
		{2745287C-AEA8-4B97-9DF3-D5BAB3998FFD}.Debug|Any CPU.Build.0 = Debug|Any CPU
		{2745287C-AEA8-4B97-9DF3-D5BAB3998FFD}.Release|Any CPU.ActiveCfg = Release|Any CPU
		{2745287C-AEA8-4B97-9DF3-D5BAB3998FFD}.Release|Any CPU.Build.0 = Release|Any CPU
		{126A6EE6-0212-400E-BADB-76B84E66E7E7}.Debug|Any CPU.ActiveCfg = Debug|Any CPU
		{126A6EE6-0212-400E-BADB-76B84E66E7E7}.Debug|Any CPU.Build.0 = Debug|Any CPU
		{126A6EE6-0212-400E-BADB-76B84E66E7E7}.Release|Any CPU.ActiveCfg = Release|Any CPU
		{126A6EE6-0212-400E-BADB-76B84E66E7E7}.Release|Any CPU.Build.0 = Release|Any CPU
		{CF5B113F-2232-44BD-8B4F-7741F00ECFB5}.Debug|Any CPU.ActiveCfg = Debug|Any CPU
		{CF5B113F-2232-44BD-8B4F-7741F00ECFB5}.Debug|Any CPU.Build.0 = Debug|Any CPU
		{CF5B113F-2232-44BD-8B4F-7741F00ECFB5}.Release|Any CPU.ActiveCfg = Release|Any CPU
		{CF5B113F-2232-44BD-8B4F-7741F00ECFB5}.Release|Any CPU.Build.0 = Release|Any CPU
		{03583A30-2C90-4205-9985-CFBC4E932A54}.Debug|Any CPU.ActiveCfg = Debug|Any CPU
		{03583A30-2C90-4205-9985-CFBC4E932A54}.Debug|Any CPU.Build.0 = Debug|Any CPU
		{03583A30-2C90-4205-9985-CFBC4E932A54}.Release|Any CPU.ActiveCfg = Release|Any CPU
		{03583A30-2C90-4205-9985-CFBC4E932A54}.Release|Any CPU.Build.0 = Release|Any CPU
	EndGlobalSection
	GlobalSection(SolutionProperties) = preSolution
		HideSolutionNode = FALSE
	EndGlobalSection
	GlobalSection(ExtensibilityGlobals) = postSolution
		SolutionGuid = {C3E2ECC2-AEF4-4832-963E-D343BA74F23D}
	EndGlobalSection
EndGlobal
